github.com/docker/go-units v0.3.0 h1:69LhctGQbg0wZ2bTvwFsuPXPnhe6T2+0UMsxh+rBYZg=
github.com/docker/go-units v0.3.0/go.mod h1:fgPhTUdO+D/Jk86RDLlptpiXQzgHJF7gydDDbaIK4Dk=
github.com/go-stack/stack v1.7.0 h1:S04+lLfST9FvL8dl4R31wVUC/paZp/WQZbLmUgWboGw=
github.com/go-stack/stack v1.7.0/go.mod h1:v0f6uXyyMGvRgIKkXu+yp6POWl0qKG85gN/melR3HDY=
github.com/inconshreveable/log15 v0.0.0-20171019012758-0decfc6c20d9 h1:LmBUkXNSSmEV5hExb65hKje7sDuuDug3xsPAba7x5fw=
github.com/inconshreveable/log15 v0.0.0-20171019012758-0decfc6c20d9/go.mod h1:cOaXtrgN4ScfRrD9Bre7U1thNq5RtJ8ZoP4iXVGRj6o=
github.com/jackc/pgx v0.0.0-20160715195140-558d5550cf5c h1:cnGG2joX4iGGg7tyB6mkPjlVvJEBKSOCB1hQMKb4bPg=
github.com/jackc/pgx v0.0.0-20160715195140-558d5550cf5c/go.mod h1:0ZGrqGqkRlliWnWB4zKnWtjbSWbGkVEFm4TeybAXq+I=
github.com/jtacoma/uritemplates v1.0.0 h1:xwx5sBF7pPAb0Uj8lDC1Q/aBPpOFyQza7OC705ZlLCo=
github.com/jtacoma/uritemplates v1.0.0/go.mod h1:IhIICdE9OcvgUnGwTtJxgBQ+VrTrti5PcbLVSJianO8=
github.com/julienschmidt/httprouter v0.0.0-20140925104356-46807412fe50 h1:aPqklKO8ZA6MhJ9hSTC37aaZbkth65zpmAPaebTOnc0=
github.com/julienschmidt/httprouter v0.0.0-20140925104356-46807412fe50/go.mod h1:SYymIcj16QtmaHHD7aYtjjsJG7VTCxuUUipMqKk8s4w=
github.com/mattn/go-colorable v0.0.0-20140924234614-043ae1629135 h1:hUz8ZqQ2VQ7RCNpQEe5YTSN58O345SJMCl3apH4kJoQ=
github.com/mattn/go-colorable v0.0.0-20140924234614-043ae1629135/go.mod h1:9vuHe8Xs5qXnSaW/c/ABM9alt+Vo+STaOChaDxuIBZU=
github.com/mattn/go-isatty v0.0.0-20151211000621-56b76bdf51f7 h1:owMyzMR4QR+jSdlfkX9jPU3rsby4++j99BfbtgVr6ZY=
github.com/mattn/go-isatty v0.0.0-20151211000621-56b76bdf51f7/go.mod h1:M+lRXTBqGeGNdLjl/ufCoiOlB5xdOkqRJdNxMWT7Zi4=
github.com/randy-girard/flynn v0.0.0-20260918165205-684ac031d829 h1:xZ3APzBnLVy+BYc+9whATcZaGB3u8Y7VJbHxNk+OAGE=
github.com/randy-girard/flynn v0.0.0-20260918165205-684ac031d829/go.mod h1:cYpw6vJ48FzwRAKmHOiFwvJZ1Rm8C1NEuBI+qpKkKyU=
github.com/tent/canonical-json-go v0.0.0-20130607151641-96e4ba3a7613 h1:iGnD/q9160NWqKZZ5vY4p0dMiYMRknzctfSkqA4nBDw=
github.com/tent/canonical-json-go v0.0.0-20130607151641-96e4ba3a7613/go.mod h1:g6AnIpDSYMcphz193otpSIzN+11Rs+AAIIC6rm1enug=
golang.org/x/net v0.48.0 h1:zyQRTTrjc33Lhh0fBgT/H3oZq9WuvRR5gPC70xpDiQU=
golang.org/x/net v0.48.0/go.mod h1:+ndRgGjkh8FGtu1w1FGbEC31if4VrNVMuKTgcAAnQRY=
golang.org/x/oauth2 v0.7.0 h1:qe6s0zUXlPX80/dITx3440hWZ7GwMwgDDyrSGTPJG/g=
golang.org/x/oauth2 v0.7.0/go.mod h1:hPLQkd9LyjfXTiRohC/41GhcFqxisoUQ99sCUOHO9x4=
